
Microsoft Visual Studio Solution File, Format Version 12.00
# Visual Studio Version 17
VisualStudioVersion = 17.8.34330.188
MinimumVisualStudioVersion = 10.0.40219.1
Project("{9A19103F-16F7-4668-BE54-9A1E7A4F7556}") = "S3", "SQS\S3.csproj", "{2EE1B5DE-532D-46C3-96D5-EEF5C113A8B5}"
EndProject
Project("{9A19103F-16F7-4668-BE54-9A1E7A4F7556}") = "HelloLamda", "HelloLamda\HelloLamda.csproj", "{AD11A5E5-856F-48F9-8F6A-44E4B1CB4BA7}"
EndProject
Project("{2150E333-8FDC-42A3-9474-1A3956D46DE8}") = "1. SQS", "1. SQS", "{5236F29A-C091-4D61-9362-DA959AE9DB07}"
EndProject
Project("{9A19103F-16F7-4668-BE54-9A1E7A4F7556}") = "SQSPublisher", "SQSPublisher\SQSPublisher.csproj", "{1399A799-B0D3-47AE-83C7-B41CAAFB02C5}"
EndProject
Project("{9A19103F-16F7-4668-BE54-9A1E7A4F7556}") = "SQSConsumer", "SQSConsumer\SQSConsumer.csproj", "{EDB19D6D-5F18-4A52-ACD1-A5497C6CB880}"
EndProject
Project("{9A19103F-16F7-4668-BE54-9A1E7A4F7556}") = "PublisherApi", "CustomerProjectApi\PublisherApi.csproj", "{9006C72D-D891-4B89-8A03-E5B23B2F79EF}"
EndProject
Project("{9A19103F-16F7-4668-BE54-9A1E7A4F7556}") = "ConsumerApi", "ConsumerApi\ConsumerApi.csproj", "{D0A9C7BF-6FA9-4FA1-B529-E5FC02929184}"
EndProject
Project("{2150E333-8FDC-42A3-9474-1A3956D46DE8}") = "2. SNS", "2. SNS", "{3BB9C045-6CA1-4DA0-B707-CA6A1D82B6DC}"
EndProject
Project("{FAE04EC0-301F-11D3-BF4B-00C04F79EFBC}") = "AWS.SNS", "AWS.SNS\AWS.SNS.csproj", "{FC47F6FB-967D-4722-B0D3-7DB7A2CF9B3A}"
EndProject
Global
	GlobalSection(SolutionConfigurationPlatforms) = preSolution
		Debug|Any CPU = Debug|Any CPU
		Release|Any CPU = Release|Any CPU
	EndGlobalSection
	GlobalSection(ProjectConfigurationPlatforms) = postSolution
		{2EE1B5DE-532D-46C3-96D5-EEF5C113A8B5}.Debug|Any CPU.ActiveCfg = Debug|Any CPU
		{2EE1B5DE-532D-46C3-96D5-EEF5C113A8B5}.Debug|Any CPU.Build.0 = Debug|Any CPU
		{2EE1B5DE-532D-46C3-96D5-EEF5C113A8B5}.Release|Any CPU.ActiveCfg = Release|Any CPU
		{2EE1B5DE-532D-46C3-96D5-EEF5C113A8B5}.Release|Any CPU.Build.0 = Release|Any CPU
		{AD11A5E5-856F-48F9-8F6A-44E4B1CB4BA7}.Debug|Any CPU.ActiveCfg = Debug|Any CPU
		{AD11A5E5-856F-48F9-8F6A-44E4B1CB4BA7}.Debug|Any CPU.Build.0 = Debug|Any CPU
		{AD11A5E5-856F-48F9-8F6A-44E4B1CB4BA7}.Release|Any CPU.ActiveCfg = Release|Any CPU
		{AD11A5E5-856F-48F9-8F6A-44E4B1CB4BA7}.Release|Any CPU.Build.0 = Release|Any CPU
		{1399A799-B0D3-47AE-83C7-B41CAAFB02C5}.Debug|Any CPU.ActiveCfg = Debug|Any CPU
		{1399A799-B0D3-47AE-83C7-B41CAAFB02C5}.Debug|Any CPU.Build.0 = Debug|Any CPU
		{1399A799-B0D3-47AE-83C7-B41CAAFB02C5}.Release|Any CPU.ActiveCfg = Release|Any CPU
		{1399A799-B0D3-47AE-83C7-B41CAAFB02C5}.Release|Any CPU.Build.0 = Release|Any CPU
		{EDB19D6D-5F18-4A52-ACD1-A5497C6CB880}.Debug|Any CPU.ActiveCfg = Debug|Any CPU
		{EDB19D6D-5F18-4A52-ACD1-A5497C6CB880}.Debug|Any CPU.Build.0 = Debug|Any CPU
		{EDB19D6D-5F18-4A52-ACD1-A5497C6CB880}.Release|Any CPU.ActiveCfg = Release|Any CPU
		{EDB19D6D-5F18-4A52-ACD1-A5497C6CB880}.Release|Any CPU.Build.0 = Release|Any CPU
		{9006C72D-D891-4B89-8A03-E5B23B2F79EF}.Debug|Any CPU.ActiveCfg = Debug|Any CPU
		{9006C72D-D891-4B89-8A03-E5B23B2F79EF}.Debug|Any CPU.Build.0 = Debug|Any CPU
		{9006C72D-D891-4B89-8A03-E5B23B2F79EF}.Release|Any CPU.ActiveCfg = Release|Any CPU
		{9006C72D-D891-4B89-8A03-E5B23B2F79EF}.Release|Any CPU.Build.0 = Release|Any CPU
		{D0A9C7BF-6FA9-4FA1-B529-E5FC02929184}.Debug|Any CPU.ActiveCfg = Debug|Any CPU
		{D0A9C7BF-6FA9-4FA1-B529-E5FC02929184}.Debug|Any CPU.Build.0 = Debug|Any CPU
		{D0A9C7BF-6FA9-4FA1-B529-E5FC02929184}.Release|Any CPU.ActiveCfg = Release|Any CPU
		{D0A9C7BF-6FA9-4FA1-B529-E5FC02929184}.Release|Any CPU.Build.0 = Release|Any CPU
		{FC47F6FB-967D-4722-B0D3-7DB7A2CF9B3A}.Debug|Any CPU.ActiveCfg = Debug|Any CPU
		{FC47F6FB-967D-4722-B0D3-7DB7A2CF9B3A}.Debug|Any CPU.Build.0 = Debug|Any CPU
		{FC47F6FB-967D-4722-B0D3-7DB7A2CF9B3A}.Release|Any CPU.ActiveCfg = Release|Any CPU
		{FC47F6FB-967D-4722-B0D3-7DB7A2CF9B3A}.Release|Any CPU.Build.0 = Release|Any CPU
	EndGlobalSection
	GlobalSection(SolutionProperties) = preSolution
		HideSolutionNode = FALSE
	EndGlobalSection
	GlobalSection(NestedProjects) = preSolution
		{1399A799-B0D3-47AE-83C7-B41CAAFB02C5} = {5236F29A-C091-4D61-9362-DA959AE9DB07}
		{EDB19D6D-5F18-4A52-ACD1-A5497C6CB880} = {5236F29A-C091-4D61-9362-DA959AE9DB07}
		{9006C72D-D891-4B89-8A03-E5B23B2F79EF} = {5236F29A-C091-4D61-9362-DA959AE9DB07}
		{D0A9C7BF-6FA9-4FA1-B529-E5FC02929184} = {5236F29A-C091-4D61-9362-DA959AE9DB07}
		{FC47F6FB-967D-4722-B0D3-7DB7A2CF9B3A} = {3BB9C045-6CA1-4DA0-B707-CA6A1D82B6DC}
	EndGlobalSection
	GlobalSection(ExtensibilityGlobals) = postSolution
		SolutionGuid = {B3544E95-701E-4DF7-8CF9-A8E44915DEA6}
	EndGlobalSection
EndGlobal
