
Microsoft Visual Studio Solution File, Format Version 12.00
# Visual Studio Version 17
VisualStudioVersion = 17.8.34330.188
MinimumVisualStudioVersion = 10.0.40219.1
Project("{9A19103F-16F7-4668-BE54-9A1E7A4F7556}") = "S3", "SQS\S3.csproj", "{2EE1B5DE-532D-46C3-96D5-EEF5C113A8B5}"
EndProject
Project("{9A19103F-16F7-4668-BE54-9A1E7A4F7556}") = "HelloLamda", "HelloLamda\HelloLamda.csproj", "{AD11A5E5-856F-48F9-8F6A-44E4B1CB4BA7}"
EndProject
Project("{2150E333-8FDC-42A3-9474-1A3956D46DE8}") = "1. SQS", "1. SQS", "{5236F29A-C091-4D61-9362-DA959AE9DB07}"
EndProject
Project("{9A19103F-16F7-4668-BE54-9A1E7A4F7556}") = "SQSPublisher", "SQSPublisher\SQSPublisher.csproj", "{1399A799-B0D3-47AE-83C7-B41CAAFB02C5}"
EndProject
Project("{9A19103F-16F7-4668-BE54-9A1E7A4F7556}") = "SQSConsumer", "SQSConsumer\SQSConsumer.csproj", "{EDB19D6D-5F18-4A52-ACD1-A5497C6CB880}"
EndProject
Project("{9A19103F-16F7-4668-BE54-9A1E7A4F7556}") = "PublisherApi", "CustomerProjectApi\PublisherApi.csproj", "{9006C72D-D891-4B89-8A03-E5B23B2F79EF}"
EndProject
Project("{9A19103F-16F7-4668-BE54-9A1E7A4F7556}") = "ConsumerApi", "ConsumerApi\ConsumerApi.csproj", "{D0A9C7BF-6FA9-4FA1-B529-E5FC02929184}"
EndProject
Project("{2150E333-8FDC-42A3-9474-1A3956D46DE8}") = "2. SNS", "2. SNS", "{3BB9C045-6CA1-4DA0-B707-CA6A1D82B6DC}"
EndProject
Project("{9A19103F-16F7-4668-BE54-9A1E7A4F7556}") = "AWS.SNS", "AWS.SNS\AWS.SNS.csproj", "{FC47F6FB-967D-4722-B0D3-7DB7A2CF9B3A}"
EndProject
Project("{2150E333-8FDC-42A3-9474-1A3956D46DE8}") = "3. DynamoDB", "3. DynamoDB", "{5D7761E1-298F-4A91-ABF4-6808BC62922D}"
EndProject
Project("{2150E333-8FDC-42A3-9474-1A3956D46DE8}") = "4. S3", "4. S3", "{38B4A27C-D2C5-4869-9B71-0E9F9B411046}"
EndProject
Project("{2150E333-8FDC-42A3-9474-1A3956D46DE8}") = "5. Secret Manager", "5. Secret Manager", "{9CD21D8F-B814-4693-854B-B343C127F689}"
EndProject
Project("{2150E333-8FDC-42A3-9474-1A3956D46DE8}") = "6. Lambda", "6. Lambda", "{3579C18A-4A99-4193-B9CB-6C5EAFB7A6C1}"
EndProject
Project("{9A19103F-16F7-4668-BE54-9A1E7A4F7556}") = "AppWithDynamodb", "AppWithDynamodb\AppWithDynamodb.csproj", "{BCA83E6B-E1DD-415D-849D-B292DA2633B4}"
EndProject
Project("{9A19103F-16F7-4668-BE54-9A1E7A4F7556}") = "AppWithS3", "AppWithS3\AppWithS3.csproj", "{A66FD554-9D26-4D73-B32F-670ED6585B99}"
EndProject
Project("{9A19103F-16F7-4668-BE54-9A1E7A4F7556}") = "AppWithSecretManager", "AppWithSecretManager\AppWithSecretManager.csproj", "{9DE6D581-342A-4177-991B-C3B8ED5ED914}"
EndProject
Project("{9A19103F-16F7-4668-BE54-9A1E7A4F7556}") = "LambdaExample", "LambdaExample\LambdaExample.csproj", "{8E5FCC65-DEA6-4B0A-8F24-0874697DE874}"
EndProject
Project("{FAE04EC0-301F-11D3-BF4B-00C04F79EFBC}") = "CustomerApi", "CustomerApi\CustomerApi.csproj", "{6C830FEE-B74D-49DE-891B-895DC24A7A02}"
EndProject
Global
	GlobalSection(SolutionConfigurationPlatforms) = preSolution
		Debug|Any CPU = Debug|Any CPU
		Release|Any CPU = Release|Any CPU
	EndGlobalSection
	GlobalSection(ProjectConfigurationPlatforms) = postSolution
		{2EE1B5DE-532D-46C3-96D5-EEF5C113A8B5}.Debug|Any CPU.ActiveCfg = Debug|Any CPU
		{2EE1B5DE-532D-46C3-96D5-EEF5C113A8B5}.Debug|Any CPU.Build.0 = Debug|Any CPU
		{2EE1B5DE-532D-46C3-96D5-EEF5C113A8B5}.Release|Any CPU.ActiveCfg = Release|Any CPU
		{2EE1B5DE-532D-46C3-96D5-EEF5C113A8B5}.Release|Any CPU.Build.0 = Release|Any CPU
		{AD11A5E5-856F-48F9-8F6A-44E4B1CB4BA7}.Debug|Any CPU.ActiveCfg = Debug|Any CPU
		{AD11A5E5-856F-48F9-8F6A-44E4B1CB4BA7}.Debug|Any CPU.Build.0 = Debug|Any CPU
		{AD11A5E5-856F-48F9-8F6A-44E4B1CB4BA7}.Release|Any CPU.ActiveCfg = Release|Any CPU
		{AD11A5E5-856F-48F9-8F6A-44E4B1CB4BA7}.Release|Any CPU.Build.0 = Release|Any CPU
		{1399A799-B0D3-47AE-83C7-B41CAAFB02C5}.Debug|Any CPU.ActiveCfg = Debug|Any CPU
		{1399A799-B0D3-47AE-83C7-B41CAAFB02C5}.Debug|Any CPU.Build.0 = Debug|Any CPU
		{1399A799-B0D3-47AE-83C7-B41CAAFB02C5}.Release|Any CPU.ActiveCfg = Release|Any CPU
		{1399A799-B0D3-47AE-83C7-B41CAAFB02C5}.Release|Any CPU.Build.0 = Release|Any CPU
		{EDB19D6D-5F18-4A52-ACD1-A5497C6CB880}.Debug|Any CPU.ActiveCfg = Debug|Any CPU
		{EDB19D6D-5F18-4A52-ACD1-A5497C6CB880}.Debug|Any CPU.Build.0 = Debug|Any CPU
		{EDB19D6D-5F18-4A52-ACD1-A5497C6CB880}.Release|Any CPU.ActiveCfg = Release|Any CPU
		{EDB19D6D-5F18-4A52-ACD1-A5497C6CB880}.Release|Any CPU.Build.0 = Release|Any CPU
		{9006C72D-D891-4B89-8A03-E5B23B2F79EF}.Debug|Any CPU.ActiveCfg = Debug|Any CPU
		{9006C72D-D891-4B89-8A03-E5B23B2F79EF}.Debug|Any CPU.Build.0 = Debug|Any CPU
		{9006C72D-D891-4B89-8A03-E5B23B2F79EF}.Release|Any CPU.ActiveCfg = Release|Any CPU
		{9006C72D-D891-4B89-8A03-E5B23B2F79EF}.Release|Any CPU.Build.0 = Release|Any CPU
		{D0A9C7BF-6FA9-4FA1-B529-E5FC02929184}.Debug|Any CPU.ActiveCfg = Debug|Any CPU
		{D0A9C7BF-6FA9-4FA1-B529-E5FC02929184}.Debug|Any CPU.Build.0 = Debug|Any CPU
		{D0A9C7BF-6FA9-4FA1-B529-E5FC02929184}.Release|Any CPU.ActiveCfg = Release|Any CPU
		{D0A9C7BF-6FA9-4FA1-B529-E5FC02929184}.Release|Any CPU.Build.0 = Release|Any CPU
		{FC47F6FB-967D-4722-B0D3-7DB7A2CF9B3A}.Debug|Any CPU.ActiveCfg = Debug|Any CPU
		{FC47F6FB-967D-4722-B0D3-7DB7A2CF9B3A}.Debug|Any CPU.Build.0 = Debug|Any CPU
		{FC47F6FB-967D-4722-B0D3-7DB7A2CF9B3A}.Release|Any CPU.ActiveCfg = Release|Any CPU
		{FC47F6FB-967D-4722-B0D3-7DB7A2CF9B3A}.Release|Any CPU.Build.0 = Release|Any CPU
		{BCA83E6B-E1DD-415D-849D-B292DA2633B4}.Debug|Any CPU.ActiveCfg = Debug|Any CPU
		{BCA83E6B-E1DD-415D-849D-B292DA2633B4}.Debug|Any CPU.Build.0 = Debug|Any CPU
		{BCA83E6B-E1DD-415D-849D-B292DA2633B4}.Release|Any CPU.ActiveCfg = Release|Any CPU
		{BCA83E6B-E1DD-415D-849D-B292DA2633B4}.Release|Any CPU.Build.0 = Release|Any CPU
		{A66FD554-9D26-4D73-B32F-670ED6585B99}.Debug|Any CPU.ActiveCfg = Debug|Any CPU
		{A66FD554-9D26-4D73-B32F-670ED6585B99}.Debug|Any CPU.Build.0 = Debug|Any CPU
		{A66FD554-9D26-4D73-B32F-670ED6585B99}.Release|Any CPU.ActiveCfg = Release|Any CPU
		{A66FD554-9D26-4D73-B32F-670ED6585B99}.Release|Any CPU.Build.0 = Release|Any CPU
		{9DE6D581-342A-4177-991B-C3B8ED5ED914}.Debug|Any CPU.ActiveCfg = Debug|Any CPU
		{9DE6D581-342A-4177-991B-C3B8ED5ED914}.Debug|Any CPU.Build.0 = Debug|Any CPU
		{9DE6D581-342A-4177-991B-C3B8ED5ED914}.Release|Any CPU.ActiveCfg = Release|Any CPU
		{9DE6D581-342A-4177-991B-C3B8ED5ED914}.Release|Any CPU.Build.0 = Release|Any CPU
		{8E5FCC65-DEA6-4B0A-8F24-0874697DE874}.Debug|Any CPU.ActiveCfg = Debug|Any CPU
		{8E5FCC65-DEA6-4B0A-8F24-0874697DE874}.Debug|Any CPU.Build.0 = Debug|Any CPU
		{8E5FCC65-DEA6-4B0A-8F24-0874697DE874}.Release|Any CPU.ActiveCfg = Release|Any CPU
		{8E5FCC65-DEA6-4B0A-8F24-0874697DE874}.Release|Any CPU.Build.0 = Release|Any CPU
		{6C830FEE-B74D-49DE-891B-895DC24A7A02}.Debug|Any CPU.ActiveCfg = Debug|Any CPU
		{6C830FEE-B74D-49DE-891B-895DC24A7A02}.Debug|Any CPU.Build.0 = Debug|Any CPU
		{6C830FEE-B74D-49DE-891B-895DC24A7A02}.Release|Any CPU.ActiveCfg = Release|Any CPU
		{6C830FEE-B74D-49DE-891B-895DC24A7A02}.Release|Any CPU.Build.0 = Release|Any CPU
	EndGlobalSection
	GlobalSection(SolutionProperties) = preSolution
		HideSolutionNode = FALSE
	EndGlobalSection
	GlobalSection(NestedProjects) = preSolution
		{1399A799-B0D3-47AE-83C7-B41CAAFB02C5} = {5236F29A-C091-4D61-9362-DA959AE9DB07}
		{EDB19D6D-5F18-4A52-ACD1-A5497C6CB880} = {5236F29A-C091-4D61-9362-DA959AE9DB07}
		{9006C72D-D891-4B89-8A03-E5B23B2F79EF} = {5236F29A-C091-4D61-9362-DA959AE9DB07}
		{D0A9C7BF-6FA9-4FA1-B529-E5FC02929184} = {5236F29A-C091-4D61-9362-DA959AE9DB07}
		{FC47F6FB-967D-4722-B0D3-7DB7A2CF9B3A} = {3BB9C045-6CA1-4DA0-B707-CA6A1D82B6DC}
		{BCA83E6B-E1DD-415D-849D-B292DA2633B4} = {5D7761E1-298F-4A91-ABF4-6808BC62922D}
		{A66FD554-9D26-4D73-B32F-670ED6585B99} = {38B4A27C-D2C5-4869-9B71-0E9F9B411046}
		{9DE6D581-342A-4177-991B-C3B8ED5ED914} = {9CD21D8F-B814-4693-854B-B343C127F689}
		{8E5FCC65-DEA6-4B0A-8F24-0874697DE874} = {3579C18A-4A99-4193-B9CB-6C5EAFB7A6C1}
		{6C830FEE-B74D-49DE-891B-895DC24A7A02} = {5D7761E1-298F-4A91-ABF4-6808BC62922D}
	EndGlobalSection
	GlobalSection(ExtensibilityGlobals) = postSolution
		SolutionGuid = {B3544E95-701E-4DF7-8CF9-A8E44915DEA6}
	EndGlobalSection
EndGlobal
